
Microsoft Visual Studio Solution File, Format Version 12.00
# Visual Studio Version 17
VisualStudioVersion = 17.5.33516.290
MinimumVisualStudioVersion = 10.0.40219.1
Project("{FAE04EC0-301F-11D3-BF4B-00C04F79EFBC}") = "AppLitePosition.UWP", "AppLitePosition.UWP\AppLitePosition.UWP.csproj", "{651035D8-EAE4-4EE8-8E06-4747FC8DAD48}"
EndProject
Project("{FAE04EC0-301F-11D3-BF4B-00C04F79EFBC}") = "AppLitePosition.Android", "AppLitePosition.Android\AppLitePosition.Android.csproj", "{2F530BFF-4ED2-4ACC-9296-6FF7421CCFAB}"
EndProject
Project("{FAE04EC0-301F-11D3-BF4B-00C04F79EFBC}") = "AppLitePosition.iOS", "AppLitePosition.iOS\AppLitePosition.iOS.csproj", "{61639F31-A0EE-4FA3-9B69-59907D174F9A}"
EndProject
Project("{FAE04EC0-301F-11D3-BF4B-00C04F79EFBC}") = "AppLitePosition", "AppLitePosition\AppLitePosition.csproj", "{984317BA-AA5E-465E-9FFD-79030758DC24}"
EndProject
Global
	GlobalSection(SolutionConfigurationPlatforms) = preSolution
		Debug|Any CPU = Debug|Any CPU
		Debug|ARM = Debug|ARM
		Debug|iPhone = Debug|iPhone
		Debug|iPhoneSimulator = Debug|iPhoneSimulator
		Debug|x64 = Debug|x64
		Debug|x86 = Debug|x86
		Release|Any CPU = Release|Any CPU
		Release|ARM = Release|ARM
		Release|iPhone = Release|iPhone
		Release|iPhoneSimulator = Release|iPhoneSimulator
		Release|x64 = Release|x64
		Release|x86 = Release|x86
	EndGlobalSection
	GlobalSection(ProjectConfigurationPlatforms) = postSolution
		{651035D8-EAE4-4EE8-8E06-4747FC8DAD48}.Debug|Any CPU.ActiveCfg = Debug|x64
		{651035D8-EAE4-4EE8-8E06-4747FC8DAD48}.Debug|Any CPU.Build.0 = Debug|x64
		{651035D8-EAE4-4EE8-8E06-4747FC8DAD48}.Debug|Any CPU.Deploy.0 = Debug|x64
		{651035D8-EAE4-4EE8-8E06-4747FC8DAD48}.Debug|ARM.ActiveCfg = Debug|ARM
		{651035D8-EAE4-4EE8-8E06-4747FC8DAD48}.Debug|ARM.Build.0 = Debug|ARM
		{651035D8-EAE4-4EE8-8E06-4747FC8DAD48}.Debug|ARM.Deploy.0 = Debug|ARM
		{651035D8-EAE4-4EE8-8E06-4747FC8DAD48}.Debug|iPhone.ActiveCfg = Debug|x64
		{651035D8-EAE4-4EE8-8E06-4747FC8DAD48}.Debug|iPhone.Build.0 = Debug|x64
		{651035D8-EAE4-4EE8-8E06-4747FC8DAD48}.Debug|iPhone.Deploy.0 = Debug|x64
		{651035D8-EAE4-4EE8-8E06-4747FC8DAD48}.Debug|iPhoneSimulator.ActiveCfg = Debug|x64
		{651035D8-EAE4-4EE8-8E06-4747FC8DAD48}.Debug|iPhoneSimulator.Build.0 = Debug|x64
		{651035D8-EAE4-4EE8-8E06-4747FC8DAD48}.Debug|iPhoneSimulator.Deploy.0 = Debug|x64
		{651035D8-EAE4-4EE8-8E06-4747FC8DAD48}.Debug|x64.ActiveCfg = Debug|x64
		{651035D8-EAE4-4EE8-8E06-4747FC8DAD48}.Debug|x64.Build.0 = Debug|x64
		{651035D8-EAE4-4EE8-8E06-4747FC8DAD48}.Debug|x64.Deploy.0 = Debug|x64
		{651035D8-EAE4-4EE8-8E06-4747FC8DAD48}.Debug|x86.ActiveCfg = Debug|x86
		{651035D8-EAE4-4EE8-8E06-4747FC8DAD48}.Debug|x86.Build.0 = Debug|x86
		{651035D8-EAE4-4EE8-8E06-4747FC8DAD48}.Debug|x86.Deploy.0 = Debug|x86
		{651035D8-EAE4-4EE8-8E06-4747FC8DAD48}.Release|Any CPU.ActiveCfg = Release|x64
		{651035D8-EAE4-4EE8-8E06-4747FC8DAD48}.Release|Any CPU.Build.0 = Release|x64
		{651035D8-EAE4-4EE8-8E06-4747FC8DAD48}.Release|Any CPU.Deploy.0 = Release|x64
		{651035D8-EAE4-4EE8-8E06-4747FC8DAD48}.Release|ARM.ActiveCfg = Release|ARM
		{651035D8-EAE4-4EE8-8E06-4747FC8DAD48}.Release|ARM.Build.0 = Release|ARM
		{651035D8-EAE4-4EE8-8E06-4747FC8DAD48}.Release|ARM.Deploy.0 = Release|ARM
		{651035D8-EAE4-4EE8-8E06-4747FC8DAD48}.Release|iPhone.ActiveCfg = Release|x64
		{651035D8-EAE4-4EE8-8E06-4747FC8DAD48}.Release|iPhone.Build.0 = Release|x64
		{651035D8-EAE4-4EE8-8E06-4747FC8DAD48}.Release|iPhone.Deploy.0 = Release|x64
		{651035D8-EAE4-4EE8-8E06-4747FC8DAD48}.Release|iPhoneSimulator.ActiveCfg = Release|x64
		{651035D8-EAE4-4EE8-8E06-4747FC8DAD48}.Release|iPhoneSimulator.Build.0 = Release|x64
		{651035D8-EAE4-4EE8-8E06-4747FC8DAD48}.Release|iPhoneSimulator.Deploy.0 = Release|x64
		{651035D8-EAE4-4EE8-8E06-4747FC8DAD48}.Release|x64.ActiveCfg = Release|x64
		{651035D8-EAE4-4EE8-8E06-4747FC8DAD48}.Release|x64.Build.0 = Release|x64
		{651035D8-EAE4-4EE8-8E06-4747FC8DAD48}.Release|x64.Deploy.0 = Release|x64
		{651035D8-EAE4-4EE8-8E06-4747FC8DAD48}.Release|x86.ActiveCfg = Release|x86
		{651035D8-EAE4-4EE8-8E06-4747FC8DAD48}.Release|x86.Build.0 = Release|x86
		{651035D8-EAE4-4EE8-8E06-4747FC8DAD48}.Release|x86.Deploy.0 = Release|x86
		{2F530BFF-4ED2-4ACC-9296-6FF7421CCFAB}.Debug|Any CPU.ActiveCfg = Debug|Any CPU
		{2F530BFF-4ED2-4ACC-9296-6FF7421CCFAB}.Debug|Any CPU.Build.0 = Debug|Any CPU
		{2F530BFF-4ED2-4ACC-9296-6FF7421CCFAB}.Debug|Any CPU.Deploy.0 = Debug|Any CPU
		{2F530BFF-4ED2-4ACC-9296-6FF7421CCFAB}.Debug|ARM.ActiveCfg = Debug|Any CPU
		{2F530BFF-4ED2-4ACC-9296-6FF7421CCFAB}.Debug|ARM.Build.0 = Debug|Any CPU
		{2F530BFF-4ED2-4ACC-9296-6FF7421CCFAB}.Debug|ARM.Deploy.0 = Debug|Any CPU
		{2F530BFF-4ED2-4ACC-9296-6FF7421CCFAB}.Debug|iPhone.ActiveCfg = Debug|Any CPU
		{2F530BFF-4ED2-4ACC-9296-6FF7421CCFAB}.Debug|iPhone.Build.0 = Debug|Any CPU
		{2F530BFF-4ED2-4ACC-9296-6FF7421CCFAB}.Debug|iPhone.Deploy.0 = Debug|Any CPU
		{2F530BFF-4ED2-4ACC-9296-6FF7421CCFAB}.Debug|iPhoneSimulator.ActiveCfg = Debug|Any CPU
		{2F530BFF-4ED2-4ACC-9296-6FF7421CCFAB}.Debug|iPhoneSimulator.Build.0 = Debug|Any CPU
		{2F530BFF-4ED2-4ACC-9296-6FF7421CCFAB}.Debug|iPhoneSimulator.Deploy.0 = Debug|Any CPU
		{2F530BFF-4ED2-4ACC-9296-6FF7421CCFAB}.Debug|x64.ActiveCfg = Debug|Any CPU
		{2F530BFF-4ED2-4ACC-9296-6FF7421CCFAB}.Debug|x64.Build.0 = Debug|Any CPU
		{2F530BFF-4ED2-4ACC-9296-6FF7421CCFAB}.Debug|x64.Deploy.0 = Debug|Any CPU
		{2F530BFF-4ED2-4ACC-9296-6FF7421CCFAB}.Debug|x86.ActiveCfg = Debug|Any CPU
		{2F530BFF-4ED2-4ACC-9296-6FF7421CCFAB}.Debug|x86.Build.0 = Debug|Any CPU
		{2F530BFF-4ED2-4ACC-9296-6FF7421CCFAB}.Debug|x86.Deploy.0 = Debug|Any CPU
		{2F530BFF-4ED2-4ACC-9296-6FF7421CCFAB}.Release|Any CPU.ActiveCfg = Release|Any CPU
		{2F530BFF-4ED2-4ACC-9296-6FF7421CCFAB}.Release|Any CPU.Build.0 = Release|Any CPU
		{2F530BFF-4ED2-4ACC-9296-6FF7421CCFAB}.Release|Any CPU.Deploy.0 = Release|Any CPU
		{2F530BFF-4ED2-4ACC-9296-6FF7421CCFAB}.Release|ARM.ActiveCfg = Release|Any CPU
		{2F530BFF-4ED2-4ACC-9296-6FF7421CCFAB}.Release|ARM.Build.0 = Release|Any CPU
		{2F530BFF-4ED2-4ACC-9296-6FF7421CCFAB}.Release|ARM.Deploy.0 = Release|Any CPU
		{2F530BFF-4ED2-4ACC-9296-6FF7421CCFAB}.Release|iPhone.ActiveCfg = Release|Any CPU
		{2F530BFF-4ED2-4ACC-9296-6FF7421CCFAB}.Release|iPhone.Build.0 = Release|Any CPU
		{2F530BFF-4ED2-4ACC-9296-6FF7421CCFAB}.Release|iPhone.Deploy.0 = Release|Any CPU
		{2F530BFF-4ED2-4ACC-9296-6FF7421CCFAB}.Release|iPhoneSimulator.ActiveCfg = Release|Any CPU
		{2F530BFF-4ED2-4ACC-9296-6FF7421CCFAB}.Release|iPhoneSimulator.Build.0 = Release|Any CPU
		{2F530BFF-4ED2-4ACC-9296-6FF7421CCFAB}.Release|iPhoneSimulator.Deploy.0 = Release|Any CPU
		{2F530BFF-4ED2-4ACC-9296-6FF7421CCFAB}.Release|x64.ActiveCfg = Release|Any CPU
		{2F530BFF-4ED2-4ACC-9296-6FF7421CCFAB}.Release|x64.Build.0 = Release|Any CPU
		{2F530BFF-4ED2-4ACC-9296-6FF7421CCFAB}.Release|x64.Deploy.0 = Release|Any CPU
		{2F530BFF-4ED2-4ACC-9296-6FF7421CCFAB}.Release|x86.ActiveCfg = Release|Any CPU
		{2F530BFF-4ED2-4ACC-9296-6FF7421CCFAB}.Release|x86.Build.0 = Release|Any CPU
		{2F530BFF-4ED2-4ACC-9296-6FF7421CCFAB}.Release|x86.Deploy.0 = Release|Any CPU
		{61639F31-A0EE-4FA3-9B69-59907D174F9A}.Debug|Any CPU.ActiveCfg = Debug|iPhoneSimulator
		{61639F31-A0EE-4FA3-9B69-59907D174F9A}.Debug|Any CPU.Build.0 = Debug|iPhoneSimulator
		{61639F31-A0EE-4FA3-9B69-59907D174F9A}.Debug|Any CPU.Deploy.0 = Debug|iPhoneSimulator
		{61639F31-A0EE-4FA3-9B69-59907D174F9A}.Debug|ARM.ActiveCfg = Debug|iPhoneSimulator
		{61639F31-A0EE-4FA3-9B69-59907D174F9A}.Debug|ARM.Build.0 = Debug|iPhoneSimulator
		{61639F31-A0EE-4FA3-9B69-59907D174F9A}.Debug|ARM.Deploy.0 = Debug|iPhoneSimulator
		{61639F31-A0EE-4FA3-9B69-59907D174F9A}.Debug|iPhone.ActiveCfg = Debug|iPhone
		{61639F31-A0EE-4FA3-9B69-59907D174F9A}.Debug|iPhone.Build.0 = Debug|iPhone
		{61639F31-A0EE-4FA3-9B69-59907D174F9A}.Debug|iPhone.Deploy.0 = Debug|iPhone
		{61639F31-A0EE-4FA3-9B69-59907D174F9A}.Debug|iPhoneSimulator.ActiveCfg = Debug|iPhoneSimulator
		{61639F31-A0EE-4FA3-9B69-59907D174F9A}.Debug|iPhoneSimulator.Build.0 = Debug|iPhoneSimulator
		{61639F31-A0EE-4FA3-9B69-59907D174F9A}.Debug|iPhoneSimulator.Deploy.0 = Debug|iPhoneSimulator
		{61639F31-A0EE-4FA3-9B69-59907D174F9A}.Debug|x64.ActiveCfg = Debug|iPhone
		{61639F31-A0EE-4FA3-9B69-59907D174F9A}.Debug|x64.Build.0 = Debug|iPhone
		{61639F31-A0EE-4FA3-9B69-59907D174F9A}.Debug|x64.Deploy.0 = Debug|iPhone
		{61639F31-A0EE-4FA3-9B69-59907D174F9A}.Debug|x86.ActiveCfg = Debug|iPhoneSimulator
		{61639F31-A0EE-4FA3-9B69-59907D174F9A}.Debug|x86.Build.0 = Debug|iPhoneSimulator
		{61639F31-A0EE-4FA3-9B69-59907D174F9A}.Debug|x86.Deploy.0 = Debug|iPhoneSimulator
		{61639F31-A0EE-4FA3-9B69-59907D174F9A}.Release|Any CPU.ActiveCfg = Release|iPhoneSimulator
		{61639F31-A0EE-4FA3-9B69-59907D174F9A}.Release|Any CPU.Build.0 = Release|iPhoneSimulator
		{61639F31-A0EE-4FA3-9B69-59907D174F9A}.Release|Any CPU.Deploy.0 = Release|iPhoneSimulator
		{61639F31-A0EE-4FA3-9B69-59907D174F9A}.Release|ARM.ActiveCfg = Release|iPhoneSimulator
		{61639F31-A0EE-4FA3-9B69-59907D174F9A}.Release|ARM.Build.0 = Release|iPhoneSimulator
		{61639F31-A0EE-4FA3-9B69-59907D174F9A}.Release|ARM.Deploy.0 = Release|iPhoneSimulator
		{61639F31-A0EE-4FA3-9B69-59907D174F9A}.Release|iPhone.ActiveCfg = Release|iPhone
		{61639F31-A0EE-4FA3-9B69-59907D174F9A}.Release|iPhone.Build.0 = Release|iPhone
		{61639F31-A0EE-4FA3-9B69-59907D174F9A}.Release|iPhone.Deploy.0 = Release|iPhone
		{61639F31-A0EE-4FA3-9B69-59907D174F9A}.Release|iPhoneSimulator.ActiveCfg = Release|iPhoneSimulator
		{61639F31-A0EE-4FA3-9B69-59907D174F9A}.Release|iPhoneSimulator.Build.0 = Release|iPhoneSimulator
		{61639F31-A0EE-4FA3-9B69-59907D174F9A}.Release|iPhoneSimulator.Deploy.0 = Release|iPhoneSimulator
		{61639F31-A0EE-4FA3-9B69-59907D174F9A}.Release|x64.ActiveCfg = Release|iPhoneSimulator
		{61639F31-A0EE-4FA3-9B69-59907D174F9A}.Release|x64.Build.0 = Release|iPhoneSimulator
		{61639F31-A0EE-4FA3-9B69-59907D174F9A}.Release|x64.Deploy.0 = Release|iPhoneSimulator
		{61639F31-A0EE-4FA3-9B69-59907D174F9A}.Release|x86.ActiveCfg = Release|iPhoneSimulator
		{61639F31-A0EE-4FA3-9B69-59907D174F9A}.Release|x86.Build.0 = Release|iPhoneSimulator
		{61639F31-A0EE-4FA3-9B69-59907D174F9A}.Release|x86.Deploy.0 = Release|iPhoneSimulator
		{984317BA-AA5E-465E-9FFD-79030758DC24}.Debug|Any CPU.ActiveCfg = Debug|Any CPU
		{984317BA-AA5E-465E-9FFD-79030758DC24}.Debug|Any CPU.Build.0 = Debug|Any CPU
		{984317BA-AA5E-465E-9FFD-79030758DC24}.Debug|Any CPU.Deploy.0 = Debug|Any CPU
		{984317BA-AA5E-465E-9FFD-79030758DC24}.Debug|ARM.ActiveCfg = Debug|Any CPU
		{984317BA-AA5E-465E-9FFD-79030758DC24}.Debug|ARM.Build.0 = Debug|Any CPU
		{984317BA-AA5E-465E-9FFD-79030758DC24}.Debug|ARM.Deploy.0 = Debug|Any CPU
		{984317BA-AA5E-465E-9FFD-79030758DC24}.Debug|iPhone.ActiveCfg = Debug|Any CPU
		{984317BA-AA5E-465E-9FFD-79030758DC24}.Debug|iPhone.Build.0 = Debug|Any CPU
		{984317BA-AA5E-465E-9FFD-79030758DC24}.Debug|iPhone.Deploy.0 = Debug|Any CPU
		{984317BA-AA5E-465E-9FFD-79030758DC24}.Debug|iPhoneSimulator.ActiveCfg = Debug|Any CPU
		{984317BA-AA5E-465E-9FFD-79030758DC24}.Debug|iPhoneSimulator.Build.0 = Debug|Any CPU
		{984317BA-AA5E-465E-9FFD-79030758DC24}.Debug|iPhoneSimulator.Deploy.0 = Debug|Any CPU
		{984317BA-AA5E-465E-9FFD-79030758DC24}.Debug|x64.ActiveCfg = Debug|Any CPU
		{984317BA-AA5E-465E-9FFD-79030758DC24}.Debug|x64.Build.0 = Debug|Any CPU
		{984317BA-AA5E-465E-9FFD-79030758DC24}.Debug|x64.Deploy.0 = Debug|Any CPU
		{984317BA-AA5E-465E-9FFD-79030758DC24}.Debug|x86.ActiveCfg = Debug|Any CPU
		{984317BA-AA5E-465E-9FFD-79030758DC24}.Debug|x86.Build.0 = Debug|Any CPU
		{984317BA-AA5E-465E-9FFD-79030758DC24}.Debug|x86.Deploy.0 = Debug|Any CPU
		{984317BA-AA5E-465E-9FFD-79030758DC24}.Release|Any CPU.ActiveCfg = Release|Any CPU
		{984317BA-AA5E-465E-9FFD-79030758DC24}.Release|Any CPU.Build.0 = Release|Any CPU
		{984317BA-AA5E-465E-9FFD-79030758DC24}.Release|Any CPU.Deploy.0 = Release|Any CPU
		{984317BA-AA5E-465E-9FFD-79030758DC24}.Release|ARM.ActiveCfg = Release|Any CPU
		{984317BA-AA5E-465E-9FFD-79030758DC24}.Release|ARM.Build.0 = Release|Any CPU
		{984317BA-AA5E-465E-9FFD-79030758DC24}.Release|ARM.Deploy.0 = Release|Any CPU
		{984317BA-AA5E-465E-9FFD-79030758DC24}.Release|iPhone.ActiveCfg = Release|Any CPU
		{984317BA-AA5E-465E-9FFD-79030758DC24}.Release|iPhone.Build.0 = Release|Any CPU
		{984317BA-AA5E-465E-9FFD-79030758DC24}.Release|iPhone.Deploy.0 = Release|Any CPU
		{984317BA-AA5E-465E-9FFD-79030758DC24}.Release|iPhoneSimulator.ActiveCfg = Release|Any CPU
		{984317BA-AA5E-465E-9FFD-79030758DC24}.Release|iPhoneSimulator.Build.0 = Release|Any CPU
		{984317BA-AA5E-465E-9FFD-79030758DC24}.Release|iPhoneSimulator.Deploy.0 = Release|Any CPU
		{984317BA-AA5E-465E-9FFD-79030758DC24}.Release|x64.ActiveCfg = Release|Any CPU
		{984317BA-AA5E-465E-9FFD-79030758DC24}.Release|x64.Build.0 = Release|Any CPU
		{984317BA-AA5E-465E-9FFD-79030758DC24}.Release|x64.Deploy.0 = Release|Any CPU
		{984317BA-AA5E-465E-9FFD-79030758DC24}.Release|x86.ActiveCfg = Release|Any CPU
		{984317BA-AA5E-465E-9FFD-79030758DC24}.Release|x86.Build.0 = Release|Any CPU
		{984317BA-AA5E-465E-9FFD-79030758DC24}.Release|x86.Deploy.0 = Release|Any CPU
	EndGlobalSection
	GlobalSection(SolutionProperties) = preSolution
		HideSolutionNode = FALSE
	EndGlobalSection
	GlobalSection(ExtensibilityGlobals) = postSolution
		SolutionGuid = {05A8B98D-5371-4769-BEE4-1B7FFCCA0CC6}
	EndGlobalSection
EndGlobal
